// !$*UTF8*$!
{
	archiveVersion = 1;
	classes = {
	};
	objectVersion = 56;
	objects = {

/* Begin PBXBuildFile section */
		0241BA2B2BB4133D00425F81 /* PrivacyInfo.xcprivacy in Resources */ = {isa = PBXBuildFile; fileRef = 0241BA2A2BB4133D00425F81 /* PrivacyInfo.xcprivacy */; };
		0241BA2C2BB4133D00425F81 /* PrivacyInfo.xcprivacy in Resources */ = {isa = PBXBuildFile; fileRef = 0241BA2A2BB4133D00425F81 /* PrivacyInfo.xcprivacy */; };
		0241BA2D2BB4133D00425F81 /* PrivacyInfo.xcprivacy in Resources */ = {isa = PBXBuildFile; fileRef = 0241BA2A2BB4133D00425F81 /* PrivacyInfo.xcprivacy */; };
		0250DCBC2AF935EF001DF18D /* AppDelegate.swift in Sources */ = {isa = PBXBuildFile; fileRef = 0250DCBB2AF935EF001DF18D /* AppDelegate.swift */; };
		0250DCBE2AF935EF001DF18D /* SceneDelegate.swift in Sources */ = {isa = PBXBuildFile; fileRef = 0250DCBD2AF935EF001DF18D /* SceneDelegate.swift */; };
		0250DCC02AF935EF001DF18D /* ViewController.swift in Sources */ = {isa = PBXBuildFile; fileRef = 0250DCBF2AF935EF001DF18D /* ViewController.swift */; };
		0250DCC52AF935F3001DF18D /* Assets.xcassets in Resources */ = {isa = PBXBuildFile; fileRef = 0250DCC42AF935F3001DF18D /* Assets.xcassets */; };
		0250DCC82AF935F3001DF18D /* LaunchScreen.storyboard in Resources */ = {isa = PBXBuildFile; fileRef = 0250DCC62AF935F3001DF18D /* LaunchScreen.storyboard */; };
		0250DCD32AF935F3001DF18D /* Rule_248Tests.swift in Sources */ = {isa = PBXBuildFile; fileRef = 0250DCD22AF935F3001DF18D /* Rule_248Tests.swift */; };
		0250DCDD2AF935F3001DF18D /* Rule_248UITests.swift in Sources */ = {isa = PBXBuildFile; fileRef = 0250DCDC2AF935F3001DF18D /* Rule_248UITests.swift */; };
		0250DCDF2AF935F3001DF18D /* Rule_248UITestsLaunchTests.swift in Sources */ = {isa = PBXBuildFile; fileRef = 0250DCDE2AF935F3001DF18D /* Rule_248UITestsLaunchTests.swift */; };
		02F74D232AF956A200C354CF /* Constants.swift in Sources */ = {isa = PBXBuildFile; fileRef = 02F74D212AF956A100C354CF /* Constants.swift */; };
		02F74D242AF956A200C354CF /* Extensions.swift in Sources */ = {isa = PBXBuildFile; fileRef = 02F74D222AF956A200C354CF /* Extensions.swift */; };
		02F74D262AF956AE00C354CF /* Helpers.swift in Sources */ = {isa = PBXBuildFile; fileRef = 02F74D252AF956AE00C354CF /* Helpers.swift */; };
		02F74D282AF9D26900C354CF /* InstructionPageViewController.swift in Sources */ = {isa = PBXBuildFile; fileRef = 02F74D272AF9D26900C354CF /* InstructionPageViewController.swift */; };
		02F74D2A2AF9D3AF00C354CF /* GuessPageViewController.swift in Sources */ = {isa = PBXBuildFile; fileRef = 02F74D292AF9D3AF00C354CF /* GuessPageViewController.swift */; };
		02F74D2C2AF9D3C900C354CF /* ResultPageViewController.swift in Sources */ = {isa = PBXBuildFile; fileRef = 02F74D2B2AF9D3C900C354CF /* ResultPageViewController.swift */; };
		02F74D2E2AF9E0EC00C354CF /* InstructionPageRouter.swift in Sources */ = {isa = PBXBuildFile; fileRef = 02F74D2D2AF9E0EC00C354CF /* InstructionPageRouter.swift */; };
		02F74D332AF9E23100C354CF /* InstructionPageConfigurator.swift in Sources */ = {isa = PBXBuildFile; fileRef = 02F74D322AF9E23100C354CF /* InstructionPageConfigurator.swift */; };
		02F74D352AF9E23E00C354CF /* GuessPageConfigurator.swift in Sources */ = {isa = PBXBuildFile; fileRef = 02F74D342AF9E23E00C354CF /* GuessPageConfigurator.swift */; };
		02F74D372AF9E24900C354CF /* ResultPageConfigurator.swift in Sources */ = {isa = PBXBuildFile; fileRef = 02F74D362AF9E24900C354CF /* ResultPageConfigurator.swift */; };
		02F74D522AF9E55F00C354CF /* InstructionPageInteractor.swift in Sources */ = {isa = PBXBuildFile; fileRef = 02F74D512AF9E55F00C354CF /* InstructionPageInteractor.swift */; };
		02F74D542AF9E57F00C354CF /* InstructionPagePresenter.swift in Sources */ = {isa = PBXBuildFile; fileRef = 02F74D532AF9E57F00C354CF /* InstructionPagePresenter.swift */; };
		02F74D562AF9E5AB00C354CF /* InstructionPageModels.swift in Sources */ = {isa = PBXBuildFile; fileRef = 02F74D552AF9E5AB00C354CF /* InstructionPageModels.swift */; };
		02F74D582AF9E61C00C354CF /* InstructionPageWorker.swift in Sources */ = {isa = PBXBuildFile; fileRef = 02F74D572AF9E61C00C354CF /* InstructionPageWorker.swift */; };
		02F74D5B2AF9FA3800C354CF /* InputBoxView.swift in Sources */ = {isa = PBXBuildFile; fileRef = 02F74D5A2AF9FA3800C354CF /* InputBoxView.swift */; };
		02F74D5D2AF9FDF700C354CF /* InputCell.swift in Sources */ = {isa = PBXBuildFile; fileRef = 02F74D5C2AF9FDF700C354CF /* InputCell.swift */; };
		02F74D5F2AF9FE8F00C354CF /* OutputCell.swift in Sources */ = {isa = PBXBuildFile; fileRef = 02F74D5E2AF9FE8F00C354CF /* OutputCell.swift */; };
		02F74D612AF9FF2400C354CF /* OutputBoxView.swift in Sources */ = {isa = PBXBuildFile; fileRef = 02F74D602AF9FF2400C354CF /* OutputBoxView.swift */; };
		02F74D642AFA162B00C354CF /* GuessResult.swift in Sources */ = {isa = PBXBuildFile; fileRef = 02F74D632AFA162B00C354CF /* GuessResult.swift */; };
		02F74D662AFA2BFD00C354CF /* GuessPagePresenter.swift in Sources */ = {isa = PBXBuildFile; fileRef = 02F74D652AFA2BFD00C354CF /* GuessPagePresenter.swift */; };
		02F74D682AFA2CF400C354CF /* GuessPageInteractor.swift in Sources */ = {isa = PBXBuildFile; fileRef = 02F74D672AFA2CF400C354CF /* GuessPageInteractor.swift */; };
		02F74D6A2AFA2E1500C354CF /* GuessPageWorker.swift in Sources */ = {isa = PBXBuildFile; fileRef = 02F74D692AFA2E1500C354CF /* GuessPageWorker.swift */; };
		02F74D6C2AFA4E5600C354CF /* GuessPageModel.swift in Sources */ = {isa = PBXBuildFile; fileRef = 02F74D6B2AFA4E5600C354CF /* GuessPageModel.swift */; };
		02F74D6E2AFB3B4A00C354CF /* ResultPageInteractor.swift in Sources */ = {isa = PBXBuildFile; fileRef = 02F74D6D2AFB3B4A00C354CF /* ResultPageInteractor.swift */; };
		02F74D702AFB3B5E00C354CF /* ResultPagePresenter.swift in Sources */ = {isa = PBXBuildFile; fileRef = 02F74D6F2AFB3B5E00C354CF /* ResultPagePresenter.swift */; };
		02F74D722AFB3B7C00C354CF /* ResultPageModel.swift in Sources */ = {isa = PBXBuildFile; fileRef = 02F74D712AFB3B7C00C354CF /* ResultPageModel.swift */; };
		02F74D742AFB3B8E00C354CF /* ResultPageWorker.swift in Sources */ = {isa = PBXBuildFile; fileRef = 02F74D732AFB3B8E00C354CF /* ResultPageWorker.swift */; };
		02F74D7A2AFB4D8300C354CF /* TimerService.swift in Sources */ = {isa = PBXBuildFile; fileRef = 02F74D792AFB4D8300C354CF /* TimerService.swift */; };
		BB432EDB7EDA3C4D5DE06838 /* Pods_Rule_248.framework in Frameworks */ = {isa = PBXBuildFile; fileRef = FDECDF0E86C25B30CC28E42C /* Pods_Rule_248.framework */; };
/* End PBXBuildFile section */

/* Begin PBXContainerItemProxy section */
		0250DCCF2AF935F3001DF18D /* PBXContainerItemProxy */ = {
			isa = PBXContainerItemProxy;
			containerPortal = 0250DCB02AF935EF001DF18D /* Project object */;
			proxyType = 1;
			remoteGlobalIDString = 0250DCB72AF935EF001DF18D;
			remoteInfo = "Rule 248";
		};
		0250DCD92AF935F3001DF18D /* PBXContainerItemProxy */ = {
			isa = PBXContainerItemProxy;
			containerPortal = 0250DCB02AF935EF001DF18D /* Project object */;
			proxyType = 1;
			remoteGlobalIDString = 0250DCB72AF935EF001DF18D;
			remoteInfo = "Rule 248";
		};
/* End PBXContainerItemProxy section */

/* Begin PBXFileReference section */
		0241BA2A2BB4133D00425F81 /* PrivacyInfo.xcprivacy */ = {isa = PBXFileReference; lastKnownFileType = text.xml; path = PrivacyInfo.xcprivacy; sourceTree = "<group>"; };
		0250DCB82AF935EF001DF18D /* Rule 248.app */ = {isa = PBXFileReference; explicitFileType = wrapper.application; includeInIndex = 0; path = "Rule 248.app"; sourceTree = BUILT_PRODUCTS_DIR; };
		0250DCBB2AF935EF001DF18D /* AppDelegate.swift */ = {isa = PBXFileReference; lastKnownFileType = sourcecode.swift; path = AppDelegate.swift; sourceTree = "<group>"; };
		0250DCBD2AF935EF001DF18D /* SceneDelegate.swift */ = {isa = PBXFileReference; lastKnownFileType = sourcecode.swift; path = SceneDelegate.swift; sourceTree = "<group>"; };
		0250DCBF2AF935EF001DF18D /* ViewController.swift */ = {isa = PBXFileReference; lastKnownFileType = sourcecode.swift; path = ViewController.swift; sourceTree = "<group>"; };
		0250DCC42AF935F3001DF18D /* Assets.xcassets */ = {isa = PBXFileReference; lastKnownFileType = folder.assetcatalog; path = Assets.xcassets; sourceTree = "<group>"; };
		0250DCC72AF935F3001DF18D /* Base */ = {isa = PBXFileReference; lastKnownFileType = file.storyboard; name = Base; path = Base.lproj/LaunchScreen.storyboard; sourceTree = "<group>"; };
		0250DCC92AF935F3001DF18D /* Info.plist */ = {isa = PBXFileReference; lastKnownFileType = text.plist.xml; path = Info.plist; sourceTree = "<group>"; };
		0250DCCE2AF935F3001DF18D /* Rule 248Tests.xctest */ = {isa = PBXFileReference; explicitFileType = wrapper.cfbundle; includeInIndex = 0; path = "Rule 248Tests.xctest"; sourceTree = BUILT_PRODUCTS_DIR; };
		0250DCD22AF935F3001DF18D /* Rule_248Tests.swift */ = {isa = PBXFileReference; lastKnownFileType = sourcecode.swift; path = Rule_248Tests.swift; sourceTree = "<group>"; };
		0250DCD82AF935F3001DF18D /* Rule 248UITests.xctest */ = {isa = PBXFileReference; explicitFileType = wrapper.cfbundle; includeInIndex = 0; path = "Rule 248UITests.xctest"; sourceTree = BUILT_PRODUCTS_DIR; };
		0250DCDC2AF935F3001DF18D /* Rule_248UITests.swift */ = {isa = PBXFileReference; lastKnownFileType = sourcecode.swift; path = Rule_248UITests.swift; sourceTree = "<group>"; };
		0250DCDE2AF935F3001DF18D /* Rule_248UITestsLaunchTests.swift */ = {isa = PBXFileReference; lastKnownFileType = sourcecode.swift; path = Rule_248UITestsLaunchTests.swift; sourceTree = "<group>"; };
		02F74D212AF956A100C354CF /* Constants.swift */ = {isa = PBXFileReference; fileEncoding = 4; lastKnownFileType = sourcecode.swift; path = Constants.swift; sourceTree = "<group>"; };
		02F74D222AF956A200C354CF /* Extensions.swift */ = {isa = PBXFileReference; fileEncoding = 4; lastKnownFileType = sourcecode.swift; path = Extensions.swift; sourceTree = "<group>"; };
		02F74D252AF956AE00C354CF /* Helpers.swift */ = {isa = PBXFileReference; lastKnownFileType = sourcecode.swift; path = Helpers.swift; sourceTree = "<group>"; };
		02F74D272AF9D26900C354CF /* InstructionPageViewController.swift */ = {isa = PBXFileReference; lastKnownFileType = sourcecode.swift; path = InstructionPageViewController.swift; sourceTree = "<group>"; };
		02F74D292AF9D3AF00C354CF /* GuessPageViewController.swift */ = {isa = PBXFileReference; lastKnownFileType = sourcecode.swift; path = GuessPageViewController.swift; sourceTree = "<group>"; };
		02F74D2B2AF9D3C900C354CF /* ResultPageViewController.swift */ = {isa = PBXFileReference; lastKnownFileType = sourcecode.swift; path = ResultPageViewController.swift; sourceTree = "<group>"; };
		02F74D2D2AF9E0EC00C354CF /* InstructionPageRouter.swift */ = {isa = PBXFileReference; lastKnownFileType = sourcecode.swift; path = InstructionPageRouter.swift; sourceTree = "<group>"; };
		02F74D322AF9E23100C354CF /* InstructionPageConfigurator.swift */ = {isa = PBXFileReference; lastKnownFileType = sourcecode.swift; path = InstructionPageConfigurator.swift; sourceTree = "<group>"; };
		02F74D342AF9E23E00C354CF /* GuessPageConfigurator.swift */ = {isa = PBXFileReference; lastKnownFileType = sourcecode.swift; path = GuessPageConfigurator.swift; sourceTree = "<group>"; };
		02F74D362AF9E24900C354CF /* ResultPageConfigurator.swift */ = {isa = PBXFileReference; lastKnownFileType = sourcecode.swift; path = ResultPageConfigurator.swift; sourceTree = "<group>"; };
		02F74D512AF9E55F00C354CF /* InstructionPageInteractor.swift */ = {isa = PBXFileReference; lastKnownFileType = sourcecode.swift; path = InstructionPageInteractor.swift; sourceTree = "<group>"; };
		02F74D532AF9E57F00C354CF /* InstructionPagePresenter.swift */ = {isa = PBXFileReference; lastKnownFileType = sourcecode.swift; path = InstructionPagePresenter.swift; sourceTree = "<group>"; };
		02F74D552AF9E5AB00C354CF /* InstructionPageModels.swift */ = {isa = PBXFileReference; lastKnownFileType = sourcecode.swift; path = InstructionPageModels.swift; sourceTree = "<group>"; };
		02F74D572AF9E61C00C354CF /* InstructionPageWorker.swift */ = {isa = PBXFileReference; lastKnownFileType = sourcecode.swift; path = InstructionPageWorker.swift; sourceTree = "<group>"; };
		02F74D5A2AF9FA3800C354CF /* InputBoxView.swift */ = {isa = PBXFileReference; lastKnownFileType = sourcecode.swift; path = InputBoxView.swift; sourceTree = "<group>"; };
		02F74D5C2AF9FDF700C354CF /* InputCell.swift */ = {isa = PBXFileReference; lastKnownFileType = sourcecode.swift; path = InputCell.swift; sourceTree = "<group>"; };
		02F74D5E2AF9FE8F00C354CF /* OutputCell.swift */ = {isa = PBXFileReference; lastKnownFileType = sourcecode.swift; path = OutputCell.swift; sourceTree = "<group>"; };
		02F74D602AF9FF2400C354CF /* OutputBoxView.swift */ = {isa = PBXFileReference; lastKnownFileType = sourcecode.swift; path = OutputBoxView.swift; sourceTree = "<group>"; };
		02F74D632AFA162B00C354CF /* GuessResult.swift */ = {isa = PBXFileReference; lastKnownFileType = sourcecode.swift; path = GuessResult.swift; sourceTree = "<group>"; };
		02F74D652AFA2BFD00C354CF /* GuessPagePresenter.swift */ = {isa = PBXFileReference; lastKnownFileType = sourcecode.swift; path = GuessPagePresenter.swift; sourceTree = "<group>"; };
		02F74D672AFA2CF400C354CF /* GuessPageInteractor.swift */ = {isa = PBXFileReference; lastKnownFileType = sourcecode.swift; path = GuessPageInteractor.swift; sourceTree = "<group>"; };
		02F74D692AFA2E1500C354CF /* GuessPageWorker.swift */ = {isa = PBXFileReference; lastKnownFileType = sourcecode.swift; path = GuessPageWorker.swift; sourceTree = "<group>"; };
		02F74D6B2AFA4E5600C354CF /* GuessPageModel.swift */ = {isa = PBXFileReference; lastKnownFileType = sourcecode.swift; path = GuessPageModel.swift; sourceTree = "<group>"; };
		02F74D6D2AFB3B4A00C354CF /* ResultPageInteractor.swift */ = {isa = PBXFileReference; lastKnownFileType = sourcecode.swift; path = ResultPageInteractor.swift; sourceTree = "<group>"; };
		02F74D6F2AFB3B5E00C354CF /* ResultPagePresenter.swift */ = {isa = PBXFileReference; lastKnownFileType = sourcecode.swift; path = ResultPagePresenter.swift; sourceTree = "<group>"; };
		02F74D712AFB3B7C00C354CF /* ResultPageModel.swift */ = {isa = PBXFileReference; lastKnownFileType = sourcecode.swift; path = ResultPageModel.swift; sourceTree = "<group>"; };
		02F74D732AFB3B8E00C354CF /* ResultPageWorker.swift */ = {isa = PBXFileReference; lastKnownFileType = sourcecode.swift; path = ResultPageWorker.swift; sourceTree = "<group>"; };
		02F74D792AFB4D8300C354CF /* TimerService.swift */ = {isa = PBXFileReference; lastKnownFileType = sourcecode.swift; path = TimerService.swift; sourceTree = "<group>"; };
		42E7101464916F8E6F810981 /* Pods-Rule 248.release.xcconfig */ = {isa = PBXFileReference; includeInIndex = 1; lastKnownFileType = text.xcconfig; name = "Pods-Rule 248.release.xcconfig"; path = "Target Support Files/Pods-Rule 248/Pods-Rule 248.release.xcconfig"; sourceTree = "<group>"; };
		8C9BAE828DB27E403E8176B6 /* Pods-Rule 248.debug.xcconfig */ = {isa = PBXFileReference; includeInIndex = 1; lastKnownFileType = text.xcconfig; name = "Pods-Rule 248.debug.xcconfig"; path = "Target Support Files/Pods-Rule 248/Pods-Rule 248.debug.xcconfig"; sourceTree = "<group>"; };
		FDECDF0E86C25B30CC28E42C /* Pods_Rule_248.framework */ = {isa = PBXFileReference; explicitFileType = wrapper.framework; includeInIndex = 0; path = Pods_Rule_248.framework; sourceTree = BUILT_PRODUCTS_DIR; };
/* End PBXFileReference section */

/* Begin PBXFrameworksBuildPhase section */
		0250DCB52AF935EF001DF18D /* Frameworks */ = {
			isa = PBXFrameworksBuildPhase;
			buildActionMask = 2147483647;
			files = (
				BB432EDB7EDA3C4D5DE06838 /* Pods_Rule_248.framework in Frameworks */,
			);
			runOnlyForDeploymentPostprocessing = 0;
		};
		0250DCCB2AF935F3001DF18D /* Frameworks */ = {
			isa = PBXFrameworksBuildPhase;
			buildActionMask = 2147483647;
			files = (
			);
			runOnlyForDeploymentPostprocessing = 0;
		};
		0250DCD52AF935F3001DF18D /* Frameworks */ = {
			isa = PBXFrameworksBuildPhase;
			buildActionMask = 2147483647;
			files = (
			);
			runOnlyForDeploymentPostprocessing = 0;
		};
/* End PBXFrameworksBuildPhase section */

/* Begin PBXGroup section */
		0250DCAF2AF935EF001DF18D = {
			isa = PBXGroup;
			children = (
				0250DCBA2AF935EF001DF18D /* Rule 248 */,
				0250DCD12AF935F3001DF18D /* Rule 248Tests */,
				0250DCDB2AF935F3001DF18D /* Rule 248UITests */,
				0250DCB92AF935EF001DF18D /* Products */,
				E3B1D22DCDC62625D762EB46 /* Pods */,
				FF0FB8C3C4FC6DA9750FD7E1 /* Frameworks */,
			);
			sourceTree = "<group>";
		};
		0250DCB92AF935EF001DF18D /* Products */ = {
			isa = PBXGroup;
			children = (
				0250DCB82AF935EF001DF18D /* Rule 248.app */,
				0250DCCE2AF935F3001DF18D /* Rule 248Tests.xctest */,
				0250DCD82AF935F3001DF18D /* Rule 248UITests.xctest */,
			);
			name = Products;
			sourceTree = "<group>";
		};
		0250DCBA2AF935EF001DF18D /* Rule 248 */ = {
			isa = PBXGroup;
			children = (
				0250DCBB2AF935EF001DF18D /* AppDelegate.swift */,
				0250DCBD2AF935EF001DF18D /* SceneDelegate.swift */,
				0250DCEB2AF936BA001DF18D /* Domain */,
				02F74D0D2AF94A7800C354CF /* SupportFiles */,
				0250DCC42AF935F3001DF18D /* Assets.xcassets */,
				0250DCC62AF935F3001DF18D /* LaunchScreen.storyboard */,
				0250DCC92AF935F3001DF18D /* Info.plist */,
				0241BA2A2BB4133D00425F81 /* PrivacyInfo.xcprivacy */,
			);
			path = "Rule 248";
			sourceTree = "<group>";
		};
		0250DCD12AF935F3001DF18D /* Rule 248Tests */ = {
			isa = PBXGroup;
			children = (
				0250DCD22AF935F3001DF18D /* Rule_248Tests.swift */,
			);
			path = "Rule 248Tests";
			sourceTree = "<group>";
		};
		0250DCDB2AF935F3001DF18D /* Rule 248UITests */ = {
			isa = PBXGroup;
			children = (
				0250DCDC2AF935F3001DF18D /* Rule_248UITests.swift */,
				0250DCDE2AF935F3001DF18D /* Rule_248UITestsLaunchTests.swift */,
			);
			path = "Rule 248UITests";
			sourceTree = "<group>";
		};
		0250DCEB2AF936BA001DF18D /* Domain */ = {
			isa = PBXGroup;
			children = (
				02F74D622AFA161000C354CF /* Models */,
				0250DCEC2AF9370B001DF18D /* Scenses */,
				02F74D782AFB4D6100C354CF /* Services */,
			);
			path = Domain;
			sourceTree = "<group>";
		};
		0250DCEC2AF9370B001DF18D /* Scenses */ = {
			isa = PBXGroup;
			children = (
				0250DCBF2AF935EF001DF18D /* ViewController.swift */,
				02F74CF12AF9395300C354CF /* InstructionPage */,
				02F74CF02AF9394400C354CF /* GuessPage */,
				02F74CFE2AF9398400C354CF /* ResultPage */,
			);
			path = Scenses;
			sourceTree = "<group>";
		};
		02F74CF02AF9394400C354CF /* GuessPage */ = {
			isa = PBXGroup;
			children = (
				02F74D592AF9F9A300C354CF /* Views */,
				02F74D292AF9D3AF00C354CF /* GuessPageViewController.swift */,
				02F74D672AFA2CF400C354CF /* GuessPageInteractor.swift */,
				02F74D652AFA2BFD00C354CF /* GuessPagePresenter.swift */,
				02F74D6B2AFA4E5600C354CF /* GuessPageModel.swift */,
				02F74D692AFA2E1500C354CF /* GuessPageWorker.swift */,
				02F74D342AF9E23E00C354CF /* GuessPageConfigurator.swift */,
			);
			path = GuessPage;
			sourceTree = "<group>";
		};
		02F74CF12AF9395300C354CF /* InstructionPage */ = {
			isa = PBXGroup;
			children = (
				02F74D272AF9D26900C354CF /* InstructionPageViewController.swift */,
				02F74D512AF9E55F00C354CF /* InstructionPageInteractor.swift */,
				02F74D532AF9E57F00C354CF /* InstructionPagePresenter.swift */,
				02F74D2D2AF9E0EC00C354CF /* InstructionPageRouter.swift */,
				02F74D552AF9E5AB00C354CF /* InstructionPageModels.swift */,
				02F74D572AF9E61C00C354CF /* InstructionPageWorker.swift */,
				02F74D322AF9E23100C354CF /* InstructionPageConfigurator.swift */,
			);
			path = InstructionPage;
			sourceTree = "<group>";
		};
		02F74CFE2AF9398400C354CF /* ResultPage */ = {
			isa = PBXGroup;
			children = (
				02F74D2B2AF9D3C900C354CF /* ResultPageViewController.swift */,
				02F74D6D2AFB3B4A00C354CF /* ResultPageInteractor.swift */,
				02F74D6F2AFB3B5E00C354CF /* ResultPagePresenter.swift */,
				02F74D712AFB3B7C00C354CF /* ResultPageModel.swift */,
				02F74D732AFB3B8E00C354CF /* ResultPageWorker.swift */,
				02F74D362AF9E24900C354CF /* ResultPageConfigurator.swift */,
			);
			name = ResultPage;
			path = ../../ResultPage;
			sourceTree = "<group>";
		};
		02F74D0D2AF94A7800C354CF /* SupportFiles */ = {
			isa = PBXGroup;
			children = (
				02F74D212AF956A100C354CF /* Constants.swift */,
				02F74D222AF956A200C354CF /* Extensions.swift */,
				02F74D252AF956AE00C354CF /* Helpers.swift */,
			);
			path = SupportFiles;
			sourceTree = "<group>";
		};
		02F74D592AF9F9A300C354CF /* Views */ = {
			isa = PBXGroup;
			children = (
				02F74D5C2AF9FDF700C354CF /* InputCell.swift */,
				02F74D5A2AF9FA3800C354CF /* InputBoxView.swift */,
				02F74D5E2AF9FE8F00C354CF /* OutputCell.swift */,
				02F74D602AF9FF2400C354CF /* OutputBoxView.swift */,
			);
			path = Views;
			sourceTree = "<group>";
		};
		02F74D622AFA161000C354CF /* Models */ = {
			isa = PBXGroup;
			children = (
				02F74D632AFA162B00C354CF /* GuessResult.swift */,
			);
			path = Models;
			sourceTree = "<group>";
		};
		02F74D782AFB4D6100C354CF /* Services */ = {
			isa = PBXGroup;
			children = (
				02F74D792AFB4D8300C354CF /* TimerService.swift */,
			);
			path = Services;
			sourceTree = "<group>";
		};
		E3B1D22DCDC62625D762EB46 /* Pods */ = {
			isa = PBXGroup;
			children = (
				8C9BAE828DB27E403E8176B6 /* Pods-Rule 248.debug.xcconfig */,
				42E7101464916F8E6F810981 /* Pods-Rule 248.release.xcconfig */,
			);
			path = Pods;
			sourceTree = "<group>";
		};
		FF0FB8C3C4FC6DA9750FD7E1 /* Frameworks */ = {
			isa = PBXGroup;
			children = (
				FDECDF0E86C25B30CC28E42C /* Pods_Rule_248.framework */,
			);
			name = Frameworks;
			sourceTree = "<group>";
		};
/* End PBXGroup section */

/* Begin PBXNativeTarget section */
		0250DCB72AF935EF001DF18D /* Rule 248 */ = {
			isa = PBXNativeTarget;
			buildConfigurationList = 0250DCE22AF935F3001DF18D /* Build configuration list for PBXNativeTarget "Rule 248" */;
			buildPhases = (
				138C6CC8F5BFF10B99A1C666 /* [CP] Check Pods Manifest.lock */,
				0250DCB42AF935EF001DF18D /* Sources */,
				0250DCB52AF935EF001DF18D /* Frameworks */,
				0250DCB62AF935EF001DF18D /* Resources */,
				93361D25284E7ECB4CAA8944 /* [CP] Embed Pods Frameworks */,
			);
			buildRules = (
			);
			dependencies = (
			);
			name = "Rule 248";
			productName = "Rule 248";
			productReference = 0250DCB82AF935EF001DF18D /* Rule 248.app */;
			productType = "com.apple.product-type.application";
		};
		0250DCCD2AF935F3001DF18D /* Rule 248Tests */ = {
			isa = PBXNativeTarget;
			buildConfigurationList = 0250DCE52AF935F3001DF18D /* Build configuration list for PBXNativeTarget "Rule 248Tests" */;
			buildPhases = (
				0250DCCA2AF935F3001DF18D /* Sources */,
				0250DCCB2AF935F3001DF18D /* Frameworks */,
				0250DCCC2AF935F3001DF18D /* Resources */,
			);
			buildRules = (
			);
			dependencies = (
				0250DCD02AF935F3001DF18D /* PBXTargetDependency */,
			);
			name = "Rule 248Tests";
			productName = "Rule 248Tests";
			productReference = 0250DCCE2AF935F3001DF18D /* Rule 248Tests.xctest */;
			productType = "com.apple.product-type.bundle.unit-test";
		};
		0250DCD72AF935F3001DF18D /* Rule 248UITests */ = {
			isa = PBXNativeTarget;
			buildConfigurationList = 0250DCE82AF935F3001DF18D /* Build configuration list for PBXNativeTarget "Rule 248UITests" */;
			buildPhases = (
				0250DCD42AF935F3001DF18D /* Sources */,
				0250DCD52AF935F3001DF18D /* Frameworks */,
				0250DCD62AF935F3001DF18D /* Resources */,
			);
			buildRules = (
			);
			dependencies = (
				0250DCDA2AF935F3001DF18D /* PBXTargetDependency */,
			);
			name = "Rule 248UITests";
			productName = "Rule 248UITests";
			productReference = 0250DCD82AF935F3001DF18D /* Rule 248UITests.xctest */;
			productType = "com.apple.product-type.bundle.ui-testing";
		};
/* End PBXNativeTarget section */

/* Begin PBXProject section */
		0250DCB02AF935EF001DF18D /* Project object */ = {
			isa = PBXProject;
			attributes = {
				BuildIndependentTargetsInParallel = 1;
				LastSwiftUpdateCheck = 1500;
				LastUpgradeCheck = 1500;
				TargetAttributes = {
					0250DCB72AF935EF001DF18D = {
						CreatedOnToolsVersion = 15.0.1;
					};
					0250DCCD2AF935F3001DF18D = {
						CreatedOnToolsVersion = 15.0.1;
						TestTargetID = 0250DCB72AF935EF001DF18D;
					};
					0250DCD72AF935F3001DF18D = {
						CreatedOnToolsVersion = 15.0.1;
						TestTargetID = 0250DCB72AF935EF001DF18D;
					};
				};
			};
			buildConfigurationList = 0250DCB32AF935EF001DF18D /* Build configuration list for PBXProject "Rule 248" */;
			compatibilityVersion = "Xcode 14.0";
			developmentRegion = en;
			hasScannedForEncodings = 0;
			knownRegions = (
				en,
				Base,
			);
			mainGroup = 0250DCAF2AF935EF001DF18D;
			productRefGroup = 0250DCB92AF935EF001DF18D /* Products */;
			projectDirPath = "";
			projectRoot = "";
			targets = (
				0250DCB72AF935EF001DF18D /* Rule 248 */,
				0250DCCD2AF935F3001DF18D /* Rule 248Tests */,
				0250DCD72AF935F3001DF18D /* Rule 248UITests */,
			);
		};
/* End PBXProject section */

/* Begin PBXResourcesBuildPhase section */
		0250DCB62AF935EF001DF18D /* Resources */ = {
			isa = PBXResourcesBuildPhase;
			buildActionMask = 2147483647;
			files = (
				0241BA2B2BB4133D00425F81 /* PrivacyInfo.xcprivacy in Resources */,
				0250DCC82AF935F3001DF18D /* LaunchScreen.storyboard in Resources */,
				0250DCC52AF935F3001DF18D /* Assets.xcassets in Resources */,
			);
			runOnlyForDeploymentPostprocessing = 0;
		};
		0250DCCC2AF935F3001DF18D /* Resources */ = {
			isa = PBXResourcesBuildPhase;
			buildActionMask = 2147483647;
			files = (
				0241BA2C2BB4133D00425F81 /* PrivacyInfo.xcprivacy in Resources */,
			);
			runOnlyForDeploymentPostprocessing = 0;
		};
		0250DCD62AF935F3001DF18D /* Resources */ = {
			isa = PBXResourcesBuildPhase;
			buildActionMask = 2147483647;
			files = (
				0241BA2D2BB4133D00425F81 /* PrivacyInfo.xcprivacy in Resources */,
			);
			runOnlyForDeploymentPostprocessing = 0;
		};
/* End PBXResourcesBuildPhase section */

/* Begin PBXShellScriptBuildPhase section */
		138C6CC8F5BFF10B99A1C666 /* [CP] Check Pods Manifest.lock */ = {
			isa = PBXShellScriptBuildPhase;
			buildActionMask = 2147483647;
			files = (
			);
			inputFileListPaths = (
			);
			inputPaths = (
				"${PODS_PODFILE_DIR_PATH}/Podfile.lock",
				"${PODS_ROOT}/Manifest.lock",
			);
			name = "[CP] Check Pods Manifest.lock";
			outputFileListPaths = (
			);
			outputPaths = (
				"$(DERIVED_FILE_DIR)/Pods-Rule 248-checkManifestLockResult.txt",
			);
			runOnlyForDeploymentPostprocessing = 0;
			shellPath = /bin/sh;
			shellScript = "diff \"${PODS_PODFILE_DIR_PATH}/Podfile.lock\" \"${PODS_ROOT}/Manifest.lock\" > /dev/null\nif [ $? != 0 ] ; then\n    # print error to STDERR\n    echo \"error: The sandbox is not in sync with the Podfile.lock. Run 'pod install' or update your CocoaPods installation.\" >&2\n    exit 1\nfi\n# This output is used by Xcode 'outputs' to avoid re-running this script phase.\necho \"SUCCESS\" > \"${SCRIPT_OUTPUT_FILE_0}\"\n";
			showEnvVarsInLog = 0;
		};
		93361D25284E7ECB4CAA8944 /* [CP] Embed Pods Frameworks */ = {
			isa = PBXShellScriptBuildPhase;
			buildActionMask = 2147483647;
			files = (
			);
			inputFileListPaths = (
				"${PODS_ROOT}/Target Support Files/Pods-Rule 248/Pods-Rule 248-frameworks-${CONFIGURATION}-input-files.xcfilelist",
			);
			name = "[CP] Embed Pods Frameworks";
			outputFileListPaths = (
				"${PODS_ROOT}/Target Support Files/Pods-Rule 248/Pods-Rule 248-frameworks-${CONFIGURATION}-output-files.xcfilelist",
			);
			runOnlyForDeploymentPostprocessing = 0;
			shellPath = /bin/sh;
			shellScript = "\"${PODS_ROOT}/Target Support Files/Pods-Rule 248/Pods-Rule 248-frameworks.sh\"\n";
			showEnvVarsInLog = 0;
		};
/* End PBXShellScriptBuildPhase section */

/* Begin PBXSourcesBuildPhase section */
		0250DCB42AF935EF001DF18D /* Sources */ = {
			isa = PBXSourcesBuildPhase;
			buildActionMask = 2147483647;
			files = (
				0250DCC02AF935EF001DF18D /* ViewController.swift in Sources */,
				02F74D332AF9E23100C354CF /* InstructionPageConfigurator.swift in Sources */,
				0250DCBC2AF935EF001DF18D /* AppDelegate.swift in Sources */,
				02F74D6A2AFA2E1500C354CF /* GuessPageWorker.swift in Sources */,
				02F74D702AFB3B5E00C354CF /* ResultPagePresenter.swift in Sources */,
				02F74D682AFA2CF400C354CF /* GuessPageInteractor.swift in Sources */,
				02F74D2E2AF9E0EC00C354CF /* InstructionPageRouter.swift in Sources */,
				02F74D722AFB3B7C00C354CF /* ResultPageModel.swift in Sources */,
				02F74D612AF9FF2400C354CF /* OutputBoxView.swift in Sources */,
				02F74D662AFA2BFD00C354CF /* GuessPagePresenter.swift in Sources */,
				0250DCBE2AF935EF001DF18D /* SceneDelegate.swift in Sources */,
				02F74D352AF9E23E00C354CF /* GuessPageConfigurator.swift in Sources */,
				02F74D7A2AFB4D8300C354CF /* TimerService.swift in Sources */,
				02F74D2A2AF9D3AF00C354CF /* GuessPageViewController.swift in Sources */,
				02F74D372AF9E24900C354CF /* ResultPageConfigurator.swift in Sources */,
				02F74D522AF9E55F00C354CF /* InstructionPageInteractor.swift in Sources */,
				02F74D562AF9E5AB00C354CF /* InstructionPageModels.swift in Sources */,
				02F74D262AF956AE00C354CF /* Helpers.swift in Sources */,
				02F74D232AF956A200C354CF /* Constants.swift in Sources */,
				02F74D282AF9D26900C354CF /* InstructionPageViewController.swift in Sources */,
				02F74D542AF9E57F00C354CF /* InstructionPagePresenter.swift in Sources */,
				02F74D242AF956A200C354CF /* Extensions.swift in Sources */,
				02F74D6E2AFB3B4A00C354CF /* ResultPageInteractor.swift in Sources */,
				02F74D642AFA162B00C354CF /* GuessResult.swift in Sources */,
				02F74D6C2AFA4E5600C354CF /* GuessPageModel.swift in Sources */,
				02F74D2C2AF9D3C900C354CF /* ResultPageViewController.swift in Sources */,
				02F74D742AFB3B8E00C354CF /* ResultPageWorker.swift in Sources */,
				02F74D5F2AF9FE8F00C354CF /* OutputCell.swift in Sources */,
				02F74D5D2AF9FDF700C354CF /* InputCell.swift in Sources */,
				02F74D582AF9E61C00C354CF /* InstructionPageWorker.swift in Sources */,
				02F74D5B2AF9FA3800C354CF /* InputBoxView.swift in Sources */,
			);
			runOnlyForDeploymentPostprocessing = 0;
		};
		0250DCCA2AF935F3001DF18D /* Sources */ = {
			isa = PBXSourcesBuildPhase;
			buildActionMask = 2147483647;
			files = (
				0250DCD32AF935F3001DF18D /* Rule_248Tests.swift in Sources */,
			);
			runOnlyForDeploymentPostprocessing = 0;
		};
		0250DCD42AF935F3001DF18D /* Sources */ = {
			isa = PBXSourcesBuildPhase;
			buildActionMask = 2147483647;
			files = (
				0250DCDF2AF935F3001DF18D /* Rule_248UITestsLaunchTests.swift in Sources */,
				0250DCDD2AF935F3001DF18D /* Rule_248UITests.swift in Sources */,
			);
			runOnlyForDeploymentPostprocessing = 0;
		};
/* End PBXSourcesBuildPhase section */

/* Begin PBXTargetDependency section */
		0250DCD02AF935F3001DF18D /* PBXTargetDependency */ = {
			isa = PBXTargetDependency;
			target = 0250DCB72AF935EF001DF18D /* Rule 248 */;
			targetProxy = 0250DCCF2AF935F3001DF18D /* PBXContainerItemProxy */;
		};
		0250DCDA2AF935F3001DF18D /* PBXTargetDependency */ = {
			isa = PBXTargetDependency;
			target = 0250DCB72AF935EF001DF18D /* Rule 248 */;
			targetProxy = 0250DCD92AF935F3001DF18D /* PBXContainerItemProxy */;
		};
/* End PBXTargetDependency section */

/* Begin PBXVariantGroup section */
		0250DCC62AF935F3001DF18D /* LaunchScreen.storyboard */ = {
			isa = PBXVariantGroup;
			children = (
				0250DCC72AF935F3001DF18D /* Base */,
			);
			name = LaunchScreen.storyboard;
			sourceTree = "<group>";
		};
/* End PBXVariantGroup section */

/* Begin XCBuildConfiguration section */
		0250DCE02AF935F3001DF18D /* Debug */ = {
			isa = XCBuildConfiguration;
			buildSettings = {
				ALWAYS_SEARCH_USER_PATHS = NO;
				ASSETCATALOG_COMPILER_GENERATE_SWIFT_ASSET_SYMBOL_EXTENSIONS = YES;
				CLANG_ANALYZER_NONNULL = YES;
				CLANG_ANALYZER_NUMBER_OBJECT_CONVERSION = YES_AGGRESSIVE;
				CLANG_CXX_LANGUAGE_STANDARD = "gnu++20";
				CLANG_ENABLE_MODULES = YES;
				CLANG_ENABLE_OBJC_ARC = YES;
				CLANG_ENABLE_OBJC_WEAK = YES;
				CLANG_WARN_BLOCK_CAPTURE_AUTORELEASING = YES;
				CLANG_WARN_BOOL_CONVERSION = YES;
				CLANG_WARN_COMMA = YES;
				CLANG_WARN_CONSTANT_CONVERSION = YES;
				CLANG_WARN_DEPRECATED_OBJC_IMPLEMENTATIONS = YES;
				CLANG_WARN_DIRECT_OBJC_ISA_USAGE = YES_ERROR;
				CLANG_WARN_DOCUMENTATION_COMMENTS = YES;
				CLANG_WARN_EMPTY_BODY = YES;
				CLANG_WARN_ENUM_CONVERSION = YES;
				CLANG_WARN_INFINITE_RECURSION = YES;
				CLANG_WARN_INT_CONVERSION = YES;
				CLANG_WARN_NON_LITERAL_NULL_CONVERSION = YES;
				CLANG_WARN_OBJC_IMPLICIT_RETAIN_SELF = YES;
				CLANG_WARN_OBJC_LITERAL_CONVERSION = YES;
				CLANG_WARN_OBJC_ROOT_CLASS = YES_ERROR;
				CLANG_WARN_QUOTED_INCLUDE_IN_FRAMEWORK_HEADER = YES;
				CLANG_WARN_RANGE_LOOP_ANALYSIS = YES;
				CLANG_WARN_STRICT_PROTOTYPES = YES;
				CLANG_WARN_SUSPICIOUS_MOVE = YES;
				CLANG_WARN_UNGUARDED_AVAILABILITY = YES_AGGRESSIVE;
				CLANG_WARN_UNREACHABLE_CODE = YES;
				CLANG_WARN__DUPLICATE_METHOD_MATCH = YES;
				COPY_PHASE_STRIP = NO;
				DEBUG_INFORMATION_FORMAT = dwarf;
				ENABLE_STRICT_OBJC_MSGSEND = YES;
				ENABLE_TESTABILITY = YES;
				ENABLE_USER_SCRIPT_SANDBOXING = YES;
				GCC_C_LANGUAGE_STANDARD = gnu17;
				GCC_DYNAMIC_NO_PIC = NO;
				GCC_NO_COMMON_BLOCKS = YES;
				GCC_OPTIMIZATION_LEVEL = 0;
				GCC_PREPROCESSOR_DEFINITIONS = (
					"DEBUG=1",
					"$(inherited)",
				);
				GCC_WARN_64_TO_32_BIT_CONVERSION = YES;
				GCC_WARN_ABOUT_RETURN_TYPE = YES_ERROR;
				GCC_WARN_UNDECLARED_SELECTOR = YES;
				GCC_WARN_UNINITIALIZED_AUTOS = YES_AGGRESSIVE;
				GCC_WARN_UNUSED_FUNCTION = YES;
				GCC_WARN_UNUSED_VARIABLE = YES;
				IPHONEOS_DEPLOYMENT_TARGET = 17.0;
				LOCALIZATION_PREFERS_STRING_CATALOGS = YES;
				MTL_ENABLE_DEBUG_INFO = INCLUDE_SOURCE;
				MTL_FAST_MATH = YES;
				ONLY_ACTIVE_ARCH = YES;
				SDKROOT = iphoneos;
				SWIFT_ACTIVE_COMPILATION_CONDITIONS = "DEBUG $(inherited)";
				SWIFT_OPTIMIZATION_LEVEL = "-Onone";
			};
			name = Debug;
		};
		0250DCE12AF935F3001DF18D /* Release */ = {
			isa = XCBuildConfiguration;
			buildSettings = {
				ALWAYS_SEARCH_USER_PATHS = NO;
				ASSETCATALOG_COMPILER_GENERATE_SWIFT_ASSET_SYMBOL_EXTENSIONS = YES;
				CLANG_ANALYZER_NONNULL = YES;
				CLANG_ANALYZER_NUMBER_OBJECT_CONVERSION = YES_AGGRESSIVE;
				CLANG_CXX_LANGUAGE_STANDARD = "gnu++20";
				CLANG_ENABLE_MODULES = YES;
				CLANG_ENABLE_OBJC_ARC = YES;
				CLANG_ENABLE_OBJC_WEAK = YES;
				CLANG_WARN_BLOCK_CAPTURE_AUTORELEASING = YES;
				CLANG_WARN_BOOL_CONVERSION = YES;
				CLANG_WARN_COMMA = YES;
				CLANG_WARN_CONSTANT_CONVERSION = YES;
				CLANG_WARN_DEPRECATED_OBJC_IMPLEMENTATIONS = YES;
				CLANG_WARN_DIRECT_OBJC_ISA_USAGE = YES_ERROR;
				CLANG_WARN_DOCUMENTATION_COMMENTS = YES;
				CLANG_WARN_EMPTY_BODY = YES;
				CLANG_WARN_ENUM_CONVERSION = YES;
				CLANG_WARN_INFINITE_RECURSION = YES;
				CLANG_WARN_INT_CONVERSION = YES;
				CLANG_WARN_NON_LITERAL_NULL_CONVERSION = YES;
				CLANG_WARN_OBJC_IMPLICIT_RETAIN_SELF = YES;
				CLANG_WARN_OBJC_LITERAL_CONVERSION = YES;
				CLANG_WARN_OBJC_ROOT_CLASS = YES_ERROR;
				CLANG_WARN_QUOTED_INCLUDE_IN_FRAMEWORK_HEADER = YES;
				CLANG_WARN_RANGE_LOOP_ANALYSIS = YES;
				CLANG_WARN_STRICT_PROTOTYPES = YES;
				CLANG_WARN_SUSPICIOUS_MOVE = YES;
				CLANG_WARN_UNGUARDED_AVAILABILITY = YES_AGGRESSIVE;
				CLANG_WARN_UNREACHABLE_CODE = YES;
				CLANG_WARN__DUPLICATE_METHOD_MATCH = YES;
				COPY_PHASE_STRIP = NO;
				DEBUG_INFORMATION_FORMAT = "dwarf-with-dsym";
				ENABLE_NS_ASSERTIONS = NO;
				ENABLE_STRICT_OBJC_MSGSEND = YES;
				ENABLE_USER_SCRIPT_SANDBOXING = YES;
				GCC_C_LANGUAGE_STANDARD = gnu17;
				GCC_NO_COMMON_BLOCKS = YES;
				GCC_WARN_64_TO_32_BIT_CONVERSION = YES;
				GCC_WARN_ABOUT_RETURN_TYPE = YES_ERROR;
				GCC_WARN_UNDECLARED_SELECTOR = YES;
				GCC_WARN_UNINITIALIZED_AUTOS = YES_AGGRESSIVE;
				GCC_WARN_UNUSED_FUNCTION = YES;
				GCC_WARN_UNUSED_VARIABLE = YES;
				IPHONEOS_DEPLOYMENT_TARGET = 17.0;
				LOCALIZATION_PREFERS_STRING_CATALOGS = YES;
				MTL_ENABLE_DEBUG_INFO = NO;
				MTL_FAST_MATH = YES;
				SDKROOT = iphoneos;
				SWIFT_COMPILATION_MODE = wholemodule;
				VALIDATE_PRODUCT = YES;
			};
			name = Release;
		};
		0250DCE32AF935F3001DF18D /* Debug */ = {
			isa = XCBuildConfiguration;
			baseConfigurationReference = 8C9BAE828DB27E403E8176B6 /* Pods-Rule 248.debug.xcconfig */;
			buildSettings = {
				ASSETCATALOG_COMPILER_APPICON_NAME = AppIcon;
				ASSETCATALOG_COMPILER_GLOBAL_ACCENT_COLOR_NAME = AccentColor;
				CODE_SIGN_STYLE = Automatic;
				CURRENT_PROJECT_VERSION = 1;
				DEVELOPMENT_TEAM = G8WZJTF2TM;
				GENERATE_INFOPLIST_FILE = YES;
				INFOPLIST_FILE = "Rule 248/Info.plist";
				INFOPLIST_KEY_UIApplicationSupportsIndirectInputEvents = YES;
				INFOPLIST_KEY_UILaunchStoryboardName = LaunchScreen;
				INFOPLIST_KEY_UIMainStoryboardFile = "";
				INFOPLIST_KEY_UISupportedInterfaceOrientations_iPad = "UIInterfaceOrientationPortrait UIInterfaceOrientationPortraitUpsideDown UIInterfaceOrientationLandscapeLeft UIInterfaceOrientationLandscapeRight";
				INFOPLIST_KEY_UISupportedInterfaceOrientations_iPhone = "UIInterfaceOrientationPortrait UIInterfaceOrientationLandscapeLeft UIInterfaceOrientationLandscapeRight";
				LD_RUNPATH_SEARCH_PATHS = (
					"$(inherited)",
					"@executable_path/Frameworks",
				);
				MARKETING_VERSION = 1.0;
				PRODUCT_BUNDLE_IDENTIFIER = "com.Bryce.Rule-248";
				PRODUCT_NAME = "$(TARGET_NAME)";
				SWIFT_EMIT_LOC_STRINGS = YES;
				SWIFT_VERSION = 5.0;
				TARGETED_DEVICE_FAMILY = "1,2";
			};
			name = Debug;
		};
		0250DCE42AF935F3001DF18D /* Release */ = {
			isa = XCBuildConfiguration;
			baseConfigurationReference = 42E7101464916F8E6F810981 /* Pods-Rule 248.release.xcconfig */;
			buildSettings = {
				ASSETCATALOG_COMPILER_APPICON_NAME = AppIcon;
				ASSETCATALOG_COMPILER_GLOBAL_ACCENT_COLOR_NAME = AccentColor;
				CODE_SIGN_STYLE = Automatic;
				CURRENT_PROJECT_VERSION = 1;
				DEVELOPMENT_TEAM = G8WZJTF2TM;
				GENERATE_INFOPLIST_FILE = YES;
				INFOPLIST_FILE = "Rule 248/Info.plist";
				INFOPLIST_KEY_UIApplicationSupportsIndirectInputEvents = YES;
				INFOPLIST_KEY_UILaunchStoryboardName = LaunchScreen;
				INFOPLIST_KEY_UIMainStoryboardFile = "";
				INFOPLIST_KEY_UISupportedInterfaceOrientations_iPad = "UIInterfaceOrientationPortrait UIInterfaceOrientationPortraitUpsideDown UIInterfaceOrientationLandscapeLeft UIInterfaceOrientationLandscapeRight";
				INFOPLIST_KEY_UISupportedInterfaceOrientations_iPhone = "UIInterfaceOrientationPortrait UIInterfaceOrientationLandscapeLeft UIInterfaceOrientationLandscapeRight";
				LD_RUNPATH_SEARCH_PATHS = (
					"$(inherited)",
					"@executable_path/Frameworks",
				);
				MARKETING_VERSION = 1.0;
				PRODUCT_BUNDLE_IDENTIFIER = "com.Bryce.Rule-248";
				PRODUCT_NAME = "$(TARGET_NAME)";
				SWIFT_EMIT_LOC_STRINGS = YES;
				SWIFT_VERSION = 5.0;
				TARGETED_DEVICE_FAMILY = "1,2";
			};
			name = Release;
		};
		0250DCE62AF935F3001DF18D /* Debug */ = {
			isa = XCBuildConfiguration;
			buildSettings = {
				ALWAYS_EMBED_SWIFT_STANDARD_LIBRARIES = YES;
				BUNDLE_LOADER = "$(TEST_HOST)";
				CODE_SIGN_STYLE = Automatic;
				CURRENT_PROJECT_VERSION = 1;
				DEVELOPMENT_TEAM = G8WZJTF2TM;
				GENERATE_INFOPLIST_FILE = YES;
				IPHONEOS_DEPLOYMENT_TARGET = 17.0;
				MARKETING_VERSION = 1.0;
				PRODUCT_BUNDLE_IDENTIFIER = "com.Bryce.Rule-248Tests";
				PRODUCT_NAME = "$(TARGET_NAME)";
				SWIFT_EMIT_LOC_STRINGS = NO;
				SWIFT_VERSION = 5.0;
				TARGETED_DEVICE_FAMILY = "1,2";
				TEST_HOST = "$(BUILT_PRODUCTS_DIR)/Rule 248.app/$(BUNDLE_EXECUTABLE_FOLDER_PATH)/Rule 248";
			};
			name = Debug;
		};
		0250DCE72AF935F3001DF18D /* Release */ = {
			isa = XCBuildConfiguration;
			buildSettings = {
				ALWAYS_EMBED_SWIFT_STANDARD_LIBRARIES = YES;
				BUNDLE_LOADER = "$(TEST_HOST)";
				CODE_SIGN_STYLE = Automatic;
				CURRENT_PROJECT_VERSION = 1;
				DEVELOPMENT_TEAM = G8WZJTF2TM;
				GENERATE_INFOPLIST_FILE = YES;
				IPHONEOS_DEPLOYMENT_TARGET = 17.0;
				MARKETING_VERSION = 1.0;
				PRODUCT_BUNDLE_IDENTIFIER = "com.Bryce.Rule-248Tests";
				PRODUCT_NAME = "$(TARGET_NAME)";
				SWIFT_EMIT_LOC_STRINGS = NO;
				SWIFT_VERSION = 5.0;
				TARGETED_DEVICE_FAMILY = "1,2";
				TEST_HOST = "$(BUILT_PRODUCTS_DIR)/Rule 248.app/$(BUNDLE_EXECUTABLE_FOLDER_PATH)/Rule 248";
			};
			name = Release;
		};
		0250DCE92AF935F3001DF18D /* Debug */ = {
			isa = XCBuildConfiguration;
			buildSettings = {
				ALWAYS_EMBED_SWIFT_STANDARD_LIBRARIES = YES;
				CODE_SIGN_STYLE = Automatic;
				CURRENT_PROJECT_VERSION = 1;
				DEVELOPMENT_TEAM = G8WZJTF2TM;
				GENERATE_INFOPLIST_FILE = YES;
				MARKETING_VERSION = 1.0;
				PRODUCT_BUNDLE_IDENTIFIER = "com.Bryce.Rule-248UITests";
				PRODUCT_NAME = "$(TARGET_NAME)";
				SWIFT_EMIT_LOC_STRINGS = NO;
				SWIFT_VERSION = 5.0;
				TARGETED_DEVICE_FAMILY = "1,2";
				TEST_TARGET_NAME = "Rule 248";
			};
			name = Debug;
		};
		0250DCEA2AF935F3001DF18D /* Release */ = {
			isa = XCBuildConfiguration;
			buildSettings = {
				ALWAYS_EMBED_SWIFT_STANDARD_LIBRARIES = YES;
				CODE_SIGN_STYLE = Automatic;
				CURRENT_PROJECT_VERSION = 1;
				DEVELOPMENT_TEAM = G8WZJTF2TM;
				GENERATE_INFOPLIST_FILE = YES;
				MARKETING_VERSION = 1.0;
				PRODUCT_BUNDLE_IDENTIFIER = "com.Bryce.Rule-248UITests";
				PRODUCT_NAME = "$(TARGET_NAME)";
				SWIFT_EMIT_LOC_STRINGS = NO;
				SWIFT_VERSION = 5.0;
				TARGETED_DEVICE_FAMILY = "1,2";
				TEST_TARGET_NAME = "Rule 248";
			};
			name = Release;
		};
/* End XCBuildConfiguration section */

/* Begin XCConfigurationList section */
		0250DCB32AF935EF001DF18D /* Build configuration list for PBXProject "Rule 248" */ = {
			isa = XCConfigurationList;
			buildConfigurations = (
				0250DCE02AF935F3001DF18D /* Debug */,
				0250DCE12AF935F3001DF18D /* Release */,
			);
			defaultConfigurationIsVisible = 0;
			defaultConfigurationName = Release;
		};
		0250DCE22AF935F3001DF18D /* Build configuration list for PBXNativeTarget "Rule 248" */ = {
			isa = XCConfigurationList;
			buildConfigurations = (
				0250DCE32AF935F3001DF18D /* Debug */,
				0250DCE42AF935F3001DF18D /* Release */,
			);
			defaultConfigurationIsVisible = 0;
			defaultConfigurationName = Release;
		};
		0250DCE52AF935F3001DF18D /* Build configuration list for PBXNativeTarget "Rule 248Tests" */ = {
			isa = XCConfigurationList;
			buildConfigurations = (
				0250DCE62AF935F3001DF18D /* Debug */,
				0250DCE72AF935F3001DF18D /* Release */,
			);
			defaultConfigurationIsVisible = 0;
			defaultConfigurationName = Release;
		};
		0250DCE82AF935F3001DF18D /* Build configuration list for PBXNativeTarget "Rule 248UITests" */ = {
			isa = XCConfigurationList;
			buildConfigurations = (
				0250DCE92AF935F3001DF18D /* Debug */,
				0250DCEA2AF935F3001DF18D /* Release */,
			);
			defaultConfigurationIsVisible = 0;
			defaultConfigurationName = Release;
		};
/* End XCConfigurationList section */
	};
	rootObject = 0250DCB02AF935EF001DF18D /* Project object */;
}
